<?xml version="1.0" encoding="utf-8"?>
<Project ToolsVersion="4.0" xmlns="http://schemas.microsoft.com/developer/msbuild/2003">
  <ItemGroup>
    <Filter Include="资源文件">
      <UniqueIdentifier>{67DA6AB6-F800-4c08-8B7A-83BB121AAD01}</UniqueIdentifier>
      <Extensions>rc;ico;cur;bmp;dlg;rc2;rct;bin;rgs;gif;jpg;jpeg;jpe;resx;tiff;tif;png;wav;mfcribbon-ms</Extensions>
    </Filter>
    <Filter Include="Utility">
      <UniqueIdentifier>{4572470c-7f95-45d1-8696-58adbbab682c}</UniqueIdentifier>
    </Filter>
    <Filter Include="Collision">
      <UniqueIdentifier>{b4bc9e10-70fe-4d95-a4cc-98649bcd319d}</UniqueIdentifier>
    </Filter>
    <Filter Include="Scale">
      <UniqueIdentifier>{4b7bf70d-e0f5-477d-8822-73ccc1a0534f}</UniqueIdentifier>
    </Filter>
    <Filter Include="TiledTexture">
      <UniqueIdentifier>{62cb1b1c-49a8-4774-a3a0-0dd08914ceee}</UniqueIdentifier>
    </Filter>
    <Filter Include="Clock">
      <UniqueIdentifier>{b53a7de7-3ea2-40a8-a531-7711d2b9ce0c}</UniqueIdentifier>
    </Filter>
    <Filter Include="Texture">
      <UniqueIdentifier>{53e616a5-4393-4457-97d8-68b64d7ccaa7}</UniqueIdentifier>
    </Filter>
    <Filter Include="Shader">
      <UniqueIdentifier>{ac9a0c2c-976a-4d1a-90a1-59cc9c3f3128}</UniqueIdentifier>
    </Filter>
    <Filter Include="RenderContext">
      <UniqueIdentifier>{9abd1c44-a5cf-4b7f-8c68-de9664631b97}</UniqueIdentifier>
    </Filter>
    <Filter Include="InputManager">
      <UniqueIdentifier>{ac2d0658-a007-40bc-823b-457ec0c6a8ba}</UniqueIdentifier>
    </Filter>
    <Filter Include="GLBuffer">
      <UniqueIdentifier>{6b10e359-fbe6-4843-86c4-5e153a3c29a2}</UniqueIdentifier>
    </Filter>
    <Filter Include="Animation">
      <UniqueIdentifier>{e5e54958-0da6-4f05-a307-d5601b608d6f}</UniqueIdentifier>
    </Filter>
    <Filter Include="ImmediateRenderer">
      <UniqueIdentifier>{6b7aaa46-b5dc-422c-8a14-02c39be1c914}</UniqueIdentifier>
    </Filter>
  </ItemGroup>
  <ItemGroup>
    <ClCompile Include="..\..\Src\OWEEngine\BoundingArea.cpp">
      <Filter>Collision</Filter>
    </ClCompile>
    <ClCompile Include="..\..\Src\OWEEngine\FrameBuffer.cpp">
      <Filter>GLBuffer</Filter>
    </ClCompile>
    <ClCompile Include="..\..\Src\OWEEngine\InputManager.cpp">
      <Filter>InputManager</Filter>
    </ClCompile>
    <ClCompile Include="..\..\Src\OWEEngine\RenderContext.cpp">
      <Filter>RenderContext</Filter>
    </ClCompile>
    <ClCompile Include="..\..\Src\OWEEngine\Shader.cpp">
      <Filter>Shader</Filter>
    </ClCompile>
    <ClCompile Include="..\..\Src\OWEEngine\Texture2D.cpp">
      <Filter>Texture</Filter>
    </ClCompile>
    <ClCompile Include="..\..\Src\OWEEngine\Clock.cpp">
      <Filter>Clock</Filter>
    </ClCompile>
    <ClCompile Include="..\..\Src\OWEEngine\TiledTexture.cpp">
      <Filter>TiledTexture</Filter>
    </ClCompile>
    <ClCompile Include="..\..\Src\OWEEngine\ImmediateRenderer.cpp">
      <Filter>ImmediateRenderer</Filter>
    </ClCompile>
  </ItemGroup>
  <ItemGroup>
    <ClInclude Include="..\..\Src\OWEEngine\Include\BoundingArea.h">
      <Filter>Collision</Filter>
    </ClInclude>
    <ClInclude Include="..\..\Src\OWEEngine\Include\CollisionManagerBase.h">
      <Filter>Collision</Filter>
    </ClInclude>
    <ClInclude Include="..\..\Src\OWEEngine\Include\SimpleCollisionManager.h">
      <Filter>Collision</Filter>
    </ClInclude>
    <ClInclude Include="..\..\Src\OWEEngine\Include\FrameBuffer.h">
      <Filter>GLBuffer</Filter>
    </ClInclude>
    <ClInclude Include="..\..\Src\OWEEngine\Include\VertexBuffer.h">
      <Filter>GLBuffer</Filter>
    </ClInclude>
    <ClInclude Include="..\..\Src\OWEEngine\Include\InputManager.h">
      <Filter>InputManager</Filter>
    </ClInclude>
    <ClInclude Include="..\..\Src\OWEEngine\Include\RenderContext.h">
      <Filter>RenderContext</Filter>
    </ClInclude>
    <ClInclude Include="..\..\Src\OWEEngine\Include\UniformVariable.h">
      <Filter>Shader</Filter>
    </ClInclude>
    <ClInclude Include="..\..\Src\OWEEngine\Include\UniformVariableManager.h">
      <Filter>Shader</Filter>
    </ClInclude>
    <ClInclude Include="..\..\Src\OWEEngine\Include\Shader.h">
      <Filter>Shader</Filter>
    </ClInclude>
    <ClInclude Include="..\..\Src\OWEEngine\Include\ShaderAux.h">
      <Filter>Shader</Filter>
    </ClInclude>
    <ClInclude Include="..\..\Src\OWEEngine\Include\AttribVariableManager.h">
      <Filter>Shader</Filter>
    </ClInclude>
    <ClInclude Include="..\..\Src\OWEEngine\Include\Texture2D.h">
      <Filter>Texture</Filter>
    </ClInclude>
    <ClInclude Include="..\..\Src\OWEEngine\Include\Texture2DBase.h">
      <Filter>Texture</Filter>
    </ClInclude>
    <ClInclude Include="..\..\Src\OWEEngine\Include\Texture2DView.h">
      <Filter>Texture</Filter>
    </ClInclude>
    <ClInclude Include="..\..\Src\OWEEngine\Include\ScreenScale.h">
      <Filter>Scale</Filter>
    </ClInclude>
    <ClInclude Include="..\..\Src\OWEEngine\Include\ASCIIFile.h">
      <Filter>Utility</Filter>
    </ClInclude>
    <ClInclude Include="..\..\Src\OWEEngine\Include\Common.h">
      <Filter>Utility</Filter>
    </ClInclude>
    <ClInclude Include="..\..\Src\OWEEngine\Include\GLHeaders.h">
      <Filter>Utility</Filter>
    </ClInclude>
    <ClInclude Include="..\..\Src\OWEEngine\Include\Singleton.h">
      <Filter>Utility</Filter>
    </ClInclude>
    <ClInclude Include="..\..\Src\OWEEngine\Include\TypeOpr.h">
      <Filter>Utility</Filter>
    </ClInclude>
    <ClInclude Include="..\..\Src\OWEEngine\Include\OWE.h" />
    <ClInclude Include="..\..\Src\OWEEngine\Include\Clock.h">
      <Filter>Clock</Filter>
    </ClInclude>
    <ClInclude Include="..\..\Src\OWEEngine\Include\Transform2D.h">
      <Filter>Utility</Filter>
    </ClInclude>
    <ClInclude Include="..\..\Src\OWEEngine\Include\TiledTexture.h">
      <Filter>TiledTexture</Filter>
    </ClInclude>
    <ClInclude Include="..\..\Src\OWEEngine\Include\VerticesGen.h">
      <Filter>Utility</Filter>
    </ClInclude>
    <ClInclude Include="..\..\Src\OWEEngine\Include\FatalError.h">
      <Filter>Utility</Filter>
    </ClInclude>
    <ClInclude Include="..\..\Src\OWEEngine\Include\Uncopyable.h">
      <Filter>Utility</Filter>
    </ClInclude>
    <ClInclude Include="..\..\Src\OWEEngine\Include\Animation.h">
      <Filter>Animation</Filter>
    </ClInclude>
    <ClInclude Include="..\..\Src\OWEEngine\Include\ImmediateRenderer.h">
      <Filter>ImmediateRenderer</Filter>
    </ClInclude>
  </ItemGroup>
  <ItemGroup>
    <None Include="..\..\Src\OWEEngine\Include\ScreenScale.inl">
      <Filter>Scale</Filter>
    </None>
    <None Include="..\..\Src\OWEEngine\Include\TiledTexture.inl">
      <Filter>TiledTexture</Filter>
    </None>
    <None Include="..\..\Src\OWEEngine\Include\VerticesGen.inl">
      <Filter>Utility</Filter>
    </None>
  </ItemGroup>
</Project>