<?xml version="1.0" encoding="utf-8"?>
<Project ToolsVersion="4.0" xmlns="http://schemas.microsoft.com/developer/msbuild/2003">
  <ItemGroup>
    <Filter Include="资源文件">
      <UniqueIdentifier>{67DA6AB6-F800-4c08-8B7A-83BB121AAD01}</UniqueIdentifier>
      <Extensions>rc;ico;cur;bmp;dlg;rc2;rct;bin;rgs;gif;jpg;jpeg;jpe;resx;tiff;tif;png;wav;mfcribbon-ms</Extensions>
    </Filter>
    <Filter Include="Test">
      <UniqueIdentifier>{a9390728-4ca7-4458-ba5e-4c4c955e6bad}</UniqueIdentifier>
    </Filter>
    <Filter Include="DamageArea">
      <UniqueIdentifier>{cbdd1a71-6d32-4bc2-891c-515271618c04}</UniqueIdentifier>
    </Filter>
    <Filter Include="Creature">
      <UniqueIdentifier>{f2f82635-6115-45a4-b870-c833415833d2}</UniqueIdentifier>
    </Filter>
    <Filter Include="BlockArea">
      <UniqueIdentifier>{5bc5310b-d0f0-4dd0-9945-5c8a40fb21ae}</UniqueIdentifier>
    </Filter>
    <Filter Include="Item">
      <UniqueIdentifier>{f942c90f-de92-4e41-960d-c57ddd28eb0d}</UniqueIdentifier>
    </Filter>
    <Filter Include="Actor">
      <UniqueIdentifier>{c13ea59f-9872-47ac-8a47-ab5ea5b04722}</UniqueIdentifier>
    </Filter>
    <Filter Include="Weapon">
      <UniqueIdentifier>{a7017f9d-093f-46a3-8cbf-7d1bb9f5ff82}</UniqueIdentifier>
    </Filter>
    <Filter Include="ConfigureFile">
      <UniqueIdentifier>{cce67b36-0fc7-4eb7-8303-79143b209226}</UniqueIdentifier>
    </Filter>
    <Filter Include="Scene">
      <UniqueIdentifier>{fc0bf87d-6daa-41dd-9b89-ef9a38a9bde4}</UniqueIdentifier>
    </Filter>
    <Filter Include="MainMenu">
      <UniqueIdentifier>{105a738c-5f04-42ba-b423-74f9edec09ee}</UniqueIdentifier>
    </Filter>
  </ItemGroup>
  <ItemGroup>
    <ClCompile Include="..\..\Src\Monomorphism\Main.cpp" />
    <ClCompile Include="..\..\Src\Monomorphism\Actor.cpp">
      <Filter>Actor</Filter>
    </ClCompile>
    <ClCompile Include="..\..\Src\Monomorphism\ConfigureFile.cpp">
      <Filter>ConfigureFile</Filter>
    </ClCompile>
    <ClCompile Include="..\..\Src\Monomorphism\Sword.cpp">
      <Filter>Weapon</Filter>
    </ClCompile>
    <ClCompile Include="..\..\Src\Monomorphism\DamageAreaSword.cpp">
      <Filter>DamageArea</Filter>
    </ClCompile>
    <ClCompile Include="..\..\Src\Monomorphism\Scene.cpp">
      <Filter>Scene</Filter>
    </ClCompile>
    <ClCompile Include="..\..\Src\Monomorphism\NormalBlock.cpp">
      <Filter>BlockArea</Filter>
    </ClCompile>
    <ClCompile Include="..\..\Src\Monomorphism\SimpleAABBBlock.cpp">
      <Filter>BlockArea</Filter>
    </ClCompile>
    <ClCompile Include="..\..\Src\Monomorphism\NormalCreature.cpp">
      <Filter>Creature</Filter>
    </ClCompile>
    <ClCompile Include="..\..\Src\Monomorphism\Mainmenu.cpp">
      <Filter>MainMenu</Filter>
    </ClCompile>
  </ItemGroup>
  <ItemGroup>
    <ClInclude Include="..\..\Src\Monomorphism\Include\TestApp1.h">
      <Filter>Test</Filter>
    </ClInclude>
    <ClInclude Include="..\..\Src\Monomorphism\Include\TestApp2.h">
      <Filter>Test</Filter>
    </ClInclude>
    <ClInclude Include="..\..\Src\Monomorphism\Include\TestApp3.h">
      <Filter>Test</Filter>
    </ClInclude>
    <ClInclude Include="..\..\Src\Monomorphism\Include\DamageArea.h">
      <Filter>DamageArea</Filter>
    </ClInclude>
    <ClInclude Include="..\..\Src\Monomorphism\Include\Creature.h">
      <Filter>Creature</Filter>
    </ClInclude>
    <ClInclude Include="..\..\Src\Monomorphism\Include\BlockArea.h">
      <Filter>BlockArea</Filter>
    </ClInclude>
    <ClInclude Include="..\..\Src\Monomorphism\Include\Item.h">
      <Filter>Item</Filter>
    </ClInclude>
    <ClInclude Include="..\..\Src\Monomorphism\Include\Actor.h">
      <Filter>Actor</Filter>
    </ClInclude>
    <ClInclude Include="..\..\Src\Monomorphism\Include\Weapon.h">
      <Filter>Weapon</Filter>
    </ClInclude>
    <ClInclude Include="..\..\Src\Monomorphism\Include\TestApp4_TextureAnimation.h">
      <Filter>Test</Filter>
    </ClInclude>
    <ClInclude Include="..\..\Src\Monomorphism\Include\ResourceNames.h" />
    <ClInclude Include="..\..\Src\Monomorphism\Include\ActorAction.h">
      <Filter>Actor</Filter>
    </ClInclude>
    <ClInclude Include="..\..\Src\Monomorphism\Include\TestApp_ActorMoving.h">
      <Filter>Test</Filter>
    </ClInclude>
    <ClInclude Include="..\..\Src\Monomorphism\Include\Sword.h">
      <Filter>Weapon</Filter>
    </ClInclude>
    <ClInclude Include="..\..\Src\Monomorphism\Include\TestApp_ActorAttackingWithSword.h">
      <Filter>Test</Filter>
    </ClInclude>
    <ClInclude Include="..\..\Src\Monomorphism\Include\DamageAreaSword.h">
      <Filter>DamageArea</Filter>
    </ClInclude>
    <ClInclude Include="..\..\Src\Monomorphism\Include\Scene.h">
      <Filter>Scene</Filter>
    </ClInclude>
    <ClInclude Include="..\..\Src\Monomorphism\Include\KeyDown.h" />
    <ClInclude Include="..\..\Src\Monomorphism\Include\TestApp_SceneWithActor.h">
      <Filter>Test</Filter>
    </ClInclude>
    <ClInclude Include="..\..\Src\Monomorphism\Include\NormalBlock.h">
      <Filter>BlockArea</Filter>
    </ClInclude>
    <ClInclude Include="..\..\Src\Monomorphism\Include\NormalCreature.h">
      <Filter>Creature</Filter>
    </ClInclude>
    <ClInclude Include="..\..\Src\Monomorphism\Include\SimpleAABBBlock.h">
      <Filter>BlockArea</Filter>
    </ClInclude>
    <ClInclude Include="..\..\Src\Monomorphism\Include\Mainmenu.h">
      <Filter>MainMenu</Filter>
    </ClInclude>
  </ItemGroup>
</Project>